
Microsoft Visual Studio Solution File, Format Version 12.00
# Visual Studio Version 17
VisualStudioVersion = 17.0.31903.59
MinimumVisualStudioVersion = 10.0.40219.1
Project("{FAE04EC0-301F-11D3-BF4B-00C04F79EFBC}") = "MyMath", "MyMath\MyMath.csproj", "{D51D1E73-881E-460C-84AF-0F99475A2551}"
EndProject
Project("{FAE04EC0-301F-11D3-BF4B-00C04F79EFBC}") = "MyMath.Tests", "MyMath.Tests\MyMath.Tests.csproj", "{EFA30A50-6076-4B39-9E19-934AF0BDF2CD}"
EndProject
Global
	GlobalSection(SolutionConfigurationPlatforms) = preSolution
		Debug|Any CPU = Debug|Any CPU
		Release|Any CPU = Release|Any CPU
	EndGlobalSection
	GlobalSection(SolutionProperties) = preSolution
		HideSolutionNode = FALSE
	EndGlobalSection
	GlobalSection(ProjectConfigurationPlatforms) = postSolution
		{D51D1E73-881E-460C-84AF-0F99475A2551}.Debug|Any CPU.ActiveCfg = Debug|Any CPU
		{D51D1E73-881E-460C-84AF-0F99475A2551}.Debug|Any CPU.Build.0 = Debug|Any CPU
		{D51D1E73-881E-460C-84AF-0F99475A2551}.Release|Any CPU.ActiveCfg = Release|Any CPU
		{D51D1E73-881E-460C-84AF-0F99475A2551}.Release|Any CPU.Build.0 = Release|Any CPU
		{EFA30A50-6076-4B39-9E19-934AF0BDF2CD}.Debug|Any CPU.ActiveCfg = Debug|Any CPU
		{EFA30A50-6076-4B39-9E19-934AF0BDF2CD}.Debug|Any CPU.Build.0 = Debug|Any CPU
		{EFA30A50-6076-4B39-9E19-934AF0BDF2CD}.Release|Any CPU.ActiveCfg = Release|Any CPU
		{EFA30A50-6076-4B39-9E19-934AF0BDF2CD}.Release|Any CPU.Build.0 = Release|Any CPU
	EndGlobalSection
EndGlobal
