
Microsoft Visual Studio Solution File, Format Version 12.00
# Visual Studio Version 17
VisualStudioVersion = 17.0.31903.59
MinimumVisualStudioVersion = 10.0.40219.1
Project("{FAE04EC0-301F-11D3-BF4B-00C04F79EFBC}") = "Text", "Text\Text.csproj", "{2C0919ED-1DB9-4503-958E-FC337C81799E}"
EndProject
Project("{FAE04EC0-301F-11D3-BF4B-00C04F79EFBC}") = "Text.Tests", "Text.Tests\Text.Tests.csproj", "{DC659A48-4DC1-4B97-A574-0755C782CCF0}"
EndProject
Global
	GlobalSection(SolutionConfigurationPlatforms) = preSolution
		Debug|Any CPU = Debug|Any CPU
		Release|Any CPU = Release|Any CPU
	EndGlobalSection
	GlobalSection(SolutionProperties) = preSolution
		HideSolutionNode = FALSE
	EndGlobalSection
	GlobalSection(ProjectConfigurationPlatforms) = postSolution
		{2C0919ED-1DB9-4503-958E-FC337C81799E}.Debug|Any CPU.ActiveCfg = Debug|Any CPU
		{2C0919ED-1DB9-4503-958E-FC337C81799E}.Debug|Any CPU.Build.0 = Debug|Any CPU
		{2C0919ED-1DB9-4503-958E-FC337C81799E}.Release|Any CPU.ActiveCfg = Release|Any CPU
		{2C0919ED-1DB9-4503-958E-FC337C81799E}.Release|Any CPU.Build.0 = Release|Any CPU
		{DC659A48-4DC1-4B97-A574-0755C782CCF0}.Debug|Any CPU.ActiveCfg = Debug|Any CPU
		{DC659A48-4DC1-4B97-A574-0755C782CCF0}.Debug|Any CPU.Build.0 = Debug|Any CPU
		{DC659A48-4DC1-4B97-A574-0755C782CCF0}.Release|Any CPU.ActiveCfg = Release|Any CPU
		{DC659A48-4DC1-4B97-A574-0755C782CCF0}.Release|Any CPU.Build.0 = Release|Any CPU
	EndGlobalSection
EndGlobal
